// !$*UTF8*$!
{
	archiveVersion = 1;
	classes = {
	};
	objectVersion = 50;
	objects = {

/* Begin PBXBuildFile section */
		982FF0D724F39C7D00EC5BFE /* AppDelegate.swift in Sources */ = {isa = PBXBuildFile; fileRef = 982FF0D624F39C7D00EC5BFE /* AppDelegate.swift */; };
		982FF0D924F39C7D00EC5BFE /* SceneDelegate.swift in Sources */ = {isa = PBXBuildFile; fileRef = 982FF0D824F39C7D00EC5BFE /* SceneDelegate.swift */; };
		982FF0DB24F39C7D00EC5BFE /* ViewController.swift in Sources */ = {isa = PBXBuildFile; fileRef = 982FF0DA24F39C7D00EC5BFE /* ViewController.swift */; };
		982FF0DE24F39C7D00EC5BFE /* Main.storyboard in Resources */ = {isa = PBXBuildFile; fileRef = 982FF0DC24F39C7D00EC5BFE /* Main.storyboard */; };
		982FF0E024F39C7D00EC5BFE /* Assets.xcassets in Resources */ = {isa = PBXBuildFile; fileRef = 982FF0DF24F39C7D00EC5BFE /* Assets.xcassets */; };
		982FF0E324F39C7D00EC5BFE /* LaunchScreen.storyboard in Resources */ = {isa = PBXBuildFile; fileRef = 982FF0E124F39C7D00EC5BFE /* LaunchScreen.storyboard */; };
		982FF0EB24F3A70200EC5BFE /* ResultsViewController.swift in Sources */ = {isa = PBXBuildFile; fileRef = 982FF0EA24F3A70200EC5BFE /* ResultsViewController.swift */; };
/* End PBXBuildFile section */

/* Begin PBXFileReference section */
		982FF0D324F39C7D00EC5BFE /* CLicker Better Better.app */ = {isa = PBXFileReference; explicitFileType = wrapper.application; includeInIndex = 0; path = "CLicker Better Better.app"; sourceTree = BUILT_PRODUCTS_DIR; };
		982FF0D624F39C7D00EC5BFE /* AppDelegate.swift */ = {isa = PBXFileReference; lastKnownFileType = sourcecode.swift; path = AppDelegate.swift; sourceTree = "<group>"; };
		982FF0D824F39C7D00EC5BFE /* SceneDelegate.swift */ = {isa = PBXFileReference; lastKnownFileType = sourcecode.swift; path = SceneDelegate.swift; sourceTree = "<group>"; };
		982FF0DA24F39C7D00EC5BFE /* ViewController.swift */ = {isa = PBXFileReference; lastKnownFileType = sourcecode.swift; path = ViewController.swift; sourceTree = "<group>"; };
		982FF0DD24F39C7D00EC5BFE /* Base */ = {isa = PBXFileReference; lastKnownFileType = file.storyboard; name = Base; path = Base.lproj/Main.storyboard; sourceTree = "<group>"; };
		982FF0DF24F39C7D00EC5BFE /* Assets.xcassets */ = {isa = PBXFileReference; lastKnownFileType = folder.assetcatalog; path = Assets.xcassets; sourceTree = "<group>"; };
		982FF0E224F39C7D00EC5BFE /* Base */ = {isa = PBXFileReference; lastKnownFileType = file.storyboard; name = Base; path = Base.lproj/LaunchScreen.storyboard; sourceTree = "<group>"; };
		982FF0E424F39C7D00EC5BFE /* Info.plist */ = {isa = PBXFileReference; lastKnownFileType = text.plist.xml; path = Info.plist; sourceTree = "<group>"; };
		982FF0EA24F3A70200EC5BFE /* ResultsViewController.swift */ = {isa = PBXFileReference; lastKnownFileType = sourcecode.swift; path = ResultsViewController.swift; sourceTree = "<group>"; };
/* End PBXFileReference section */

/* Begin PBXFrameworksBuildPhase section */
		982FF0D024F39C7D00EC5BFE /* Frameworks */ = {
			isa = PBXFrameworksBuildPhase;
			buildActionMask = 2147483647;
			files = (
			);
			runOnlyForDeploymentPostprocessing = 0;
		};
/* End PBXFrameworksBuildPhase section */

/* Begin PBXGroup section */
		982FF0CA24F39C7D00EC5BFE = {
			isa = PBXGroup;
			children = (
				982FF0D524F39C7D00EC5BFE /* CLicker Better Better */,
				982FF0D424F39C7D00EC5BFE /* Products */,
			);
			sourceTree = "<group>";
		};
		982FF0D424F39C7D00EC5BFE /* Products */ = {
			isa = PBXGroup;
			children = (
				982FF0D324F39C7D00EC5BFE /* CLicker Better Better.app */,
			);
			name = Products;
			sourceTree = "<group>";
		};
		982FF0D524F39C7D00EC5BFE /* CLicker Better Better */ = {
			isa = PBXGroup;
			children = (
				982FF0D624F39C7D00EC5BFE /* AppDelegate.swift */,
				982FF0D824F39C7D00EC5BFE /* SceneDelegate.swift */,
				982FF0DA24F39C7D00EC5BFE /* ViewController.swift */,
				982FF0DC24F39C7D00EC5BFE /* Main.storyboard */,
				982FF0DF24F39C7D00EC5BFE /* Assets.xcassets */,
				982FF0E124F39C7D00EC5BFE /* LaunchScreen.storyboard */,
				982FF0E424F39C7D00EC5BFE /* Info.plist */,
				982FF0EA24F3A70200EC5BFE /* ResultsViewController.swift */,
			);
			path = "CLicker Better Better";
			sourceTree = "<group>";
		};
/* End PBXGroup section */

/* Begin PBXNativeTarget section */
		982FF0D224F39C7D00EC5BFE /* CLicker Better Better */ = {
			isa = PBXNativeTarget;
			buildConfigurationList = 982FF0E724F39C7D00EC5BFE /* Build configuration list for PBXNativeTarget "CLicker Better Better" */;
			buildPhases = (
				982FF0CF24F39C7D00EC5BFE /* Sources */,
				982FF0D024F39C7D00EC5BFE /* Frameworks */,
				982FF0D124F39C7D00EC5BFE /* Resources */,
			);
			buildRules = (
			);
			dependencies = (
			);
			name = "CLicker Better Better";
			productName = "CLicker Better Better";
			productReference = 982FF0D324F39C7D00EC5BFE /* CLicker Better Better.app */;
			productType = "com.apple.product-type.application";
		};
/* End PBXNativeTarget section */

/* Begin PBXProject section */
		982FF0CB24F39C7D00EC5BFE /* Project object */ = {
			isa = PBXProject;
			attributes = {
				LastSwiftUpdateCheck = 1160;
				LastUpgradeCheck = 1160;
				ORGANIZATIONNAME = "RAVIN NAGPAL";
				TargetAttributes = {
					982FF0D224F39C7D00EC5BFE = {
						CreatedOnToolsVersion = 11.6;
					};
				};
			};
			buildConfigurationList = 982FF0CE24F39C7D00EC5BFE /* Build configuration list for PBXProject "CLicker Better Better" */;
			compatibilityVersion = "Xcode 9.3";
			developmentRegion = en;
			hasScannedForEncodings = 0;
			knownRegions = (
				en,
				Base,
			);
			mainGroup = 982FF0CA24F39C7D00EC5BFE;
			productRefGroup = 982FF0D424F39C7D00EC5BFE /* Products */;
			projectDirPath = "";
			projectRoot = "";
			targets = (
				982FF0D224F39C7D00EC5BFE /* CLicker Better Better */,
			);
		};
/* End PBXProject section */

/* Begin PBXResourcesBuildPhase section */
		982FF0D124F39C7D00EC5BFE /* Resources */ = {
			isa = PBXResourcesBuildPhase;
			buildActionMask = 2147483647;
			files = (
				982FF0E324F39C7D00EC5BFE /* LaunchScreen.storyboard in Resources */,
				982FF0E024F39C7D00EC5BFE /* Assets.xcassets in Resources */,
				982FF0DE24F39C7D00EC5BFE /* Main.storyboard in Resources */,
			);
			runOnlyForDeploymentPostprocessing = 0;
		};
/* End PBXResourcesBuildPhase section */

/* Begin PBXSourcesBuildPhase section */
		982FF0CF24F39C7D00EC5BFE /* Sources */ = {
			isa = PBXSourcesBuildPhase;
			buildActionMask = 2147483647;
			files = (
				982FF0DB24F39C7D00EC5BFE /* ViewController.swift in Sources */,
				982FF0D724F39C7D00EC5BFE /* AppDelegate.swift in Sources */,
				982FF0D924F39C7D00EC5BFE /* SceneDelegate.swift in Sources */,
				982FF0EB24F3A70200EC5BFE /* ResultsViewController.swift in Sources */,
			);
			runOnlyForDeploymentPostprocessing = 0;
		};
/* End PBXSourcesBuildPhase section */

/* Begin PBXVariantGroup section */
		982FF0DC24F39C7D00EC5BFE /* Main.storyboard */ = {
			isa = PBXVariantGroup;
			children = (
				982FF0DD24F39C7D00EC5BFE /* Base */,
			);
			name = Main.storyboard;
			sourceTree = "<group>";
		};
		982FF0E124F39C7D00EC5BFE /* LaunchScreen.storyboard */ = {
			isa = PBXVariantGroup;
			children = (
				982FF0E224F39C7D00EC5BFE /* Base */,
			);
			name = LaunchScreen.storyboard;
			sourceTree = "<group>";
		};
/* End PBXVariantGroup section */

/* Begin XCBuildConfiguration section */
		982FF0E524F39C7D00EC5BFE /* Debug */ = {
			isa = XCBuildConfiguration;
			buildSettings = {
				ALWAYS_SEARCH_USER_PATHS = NO;
				CLANG_ANALYZER_NONNULL = YES;
				CLANG_ANALYZER_NUMBER_OBJECT_CONVERSION = YES_AGGRESSIVE;
				CLANG_CXX_LANGUAGE_STANDARD = "gnu++14";
				CLANG_CXX_LIBRARY = "libc++";
				CLANG_ENABLE_MODULES = YES;
				CLANG_ENABLE_OBJC_ARC = YES;
				CLANG_ENABLE_OBJC_WEAK = YES;
				CLANG_WARN_BLOCK_CAPTURE_AUTORELEASING = YES;
				CLANG_WARN_BOOL_CONVERSION = YES;
				CLANG_WARN_COMMA = YES;
				CLANG_WARN_CONSTANT_CONVERSION = YES;
				CLANG_WARN_DEPRECATED_OBJC_IMPLEMENTATIONS = YES;
				CLANG_WARN_DIRECT_OBJC_ISA_USAGE = YES_ERROR;
				CLANG_WARN_DOCUMENTATION_COMMENTS = YES;
				CLANG_WARN_EMPTY_BODY = YES;
				CLANG_WARN_ENUM_CONVERSION = YES;
				CLANG_WARN_INFINITE_RECURSION = YES;
				CLANG_WARN_INT_CONVERSION = YES;
				CLANG_WARN_NON_LITERAL_NULL_CONVERSION = YES;
				CLANG_WARN_OBJC_IMPLICIT_RETAIN_SELF = YES;
				CLANG_WARN_OBJC_LITERAL_CONVERSION = YES;
				CLANG_WARN_OBJC_ROOT_CLASS = YES_ERROR;
				CLANG_WARN_RANGE_LOOP_ANALYSIS = YES;
				CLANG_WARN_STRICT_PROTOTYPES = YES;
				CLANG_WARN_SUSPICIOUS_MOVE = YES;
				CLANG_WARN_UNGUARDED_AVAILABILITY = YES_AGGRESSIVE;
				CLANG_WARN_UNREACHABLE_CODE = YES;
				CLANG_WARN__DUPLICATE_METHOD_MATCH = YES;
				COPY_PHASE_STRIP = NO;
				DEBUG_INFORMATION_FORMAT = dwarf;
				ENABLE_STRICT_OBJC_MSGSEND = YES;
				ENABLE_TESTABILITY = YES;
				GCC_C_LANGUAGE_STANDARD = gnu11;
				GCC_DYNAMIC_NO_PIC = NO;
				GCC_NO_COMMON_BLOCKS = YES;
				GCC_OPTIMIZATION_LEVEL = 0;
				GCC_PREPROCESSOR_DEFINITIONS = (
					"DEBUG=1",
					"$(inherited)",
				);
				GCC_WARN_64_TO_32_BIT_CONVERSION = YES;
				GCC_WARN_ABOUT_RETURN_TYPE = YES_ERROR;
				GCC_WARN_UNDECLARED_SELECTOR = YES;
				GCC_WARN_UNINITIALIZED_AUTOS = YES_AGGRESSIVE;
				GCC_WARN_UNUSED_FUNCTION = YES;
				GCC_WARN_UNUSED_VARIABLE = YES;
				IPHONEOS_DEPLOYMENT_TARGET = 13.6;
				MTL_ENABLE_DEBUG_INFO = INCLUDE_SOURCE;
				MTL_FAST_MATH = YES;
				ONLY_ACTIVE_ARCH = YES;
				SDKROOT = iphoneos;
				SWIFT_ACTIVE_COMPILATION_CONDITIONS = DEBUG;
				SWIFT_OPTIMIZATION_LEVEL = "-Onone";
			};
			name = Debug;
		};
		982FF0E624F39C7D00EC5BFE /* Release */ = {
			isa = XCBuildConfiguration;
			buildSettings = {
				ALWAYS_SEARCH_USER_PATHS = NO;
				CLANG_ANALYZER_NONNULL = YES;
				CLANG_ANALYZER_NUMBER_OBJECT_CONVERSION = YES_AGGRESSIVE;
				CLANG_CXX_LANGUAGE_STANDARD = "gnu++14";
				CLANG_CXX_LIBRARY = "libc++";
				CLANG_ENABLE_MODULES = YES;
				CLANG_ENABLE_OBJC_ARC = YES;
				CLANG_ENABLE_OBJC_WEAK = YES;
				CLANG_WARN_BLOCK_CAPTURE_AUTORELEASING = YES;
				CLANG_WARN_BOOL_CONVERSION = YES;
				CLANG_WARN_COMMA = YES;
				CLANG_WARN_CONSTANT_CONVERSION = YES;
				CLANG_WARN_DEPRECATED_OBJC_IMPLEMENTATIONS = YES;
				CLANG_WARN_DIRECT_OBJC_ISA_USAGE = YES_ERROR;
				CLANG_WARN_DOCUMENTATION_COMMENTS = YES;
				CLANG_WARN_EMPTY_BODY = YES;
				CLANG_WARN_ENUM_CONVERSION = YES;
				CLANG_WARN_INFINITE_RECURSION = YES;
				CLANG_WARN_INT_CONVERSION = YES;
				CLANG_WARN_NON_LITERAL_NULL_CONVERSION = YES;
				CLANG_WARN_OBJC_IMPLICIT_RETAIN_SELF = YES;
				CLANG_WARN_OBJC_LITERAL_CONVERSION = YES;
				CLANG_WARN_OBJC_ROOT_CLASS = YES_ERROR;
				CLANG_WARN_RANGE_LOOP_ANALYSIS = YES;
				CLANG_WARN_STRICT_PROTOTYPES = YES;
				CLANG_WARN_SUSPICIOUS_MOVE = YES;
				CLANG_WARN_UNGUARDED_AVAILABILITY = YES_AGGRESSIVE;
				CLANG_WARN_UNREACHABLE_CODE = YES;
				CLANG_WARN__DUPLICATE_METHOD_MATCH = YES;
				COPY_PHASE_STRIP = NO;
				DEBUG_INFORMATION_FORMAT = "dwarf-with-dsym";
				ENABLE_NS_ASSERTIONS = NO;
				ENABLE_STRICT_OBJC_MSGSEND = YES;
				GCC_C_LANGUAGE_STANDARD = gnu11;
				GCC_NO_COMMON_BLOCKS = YES;
				GCC_WARN_64_TO_32_BIT_CONVERSION = YES;
				GCC_WARN_ABOUT_RETURN_TYPE = YES_ERROR;
				GCC_WARN_UNDECLARED_SELECTOR = YES;
				GCC_WARN_UNINITIALIZED_AUTOS = YES_AGGRESSIVE;
				GCC_WARN_UNUSED_FUNCTION = YES;
				GCC_WARN_UNUSED_VARIABLE = YES;
				IPHONEOS_DEPLOYMENT_TARGET = 13.6;
				MTL_ENABLE_DEBUG_INFO = NO;
				MTL_FAST_MATH = YES;
				SDKROOT = iphoneos;
				SWIFT_COMPILATION_MODE = wholemodule;
				SWIFT_OPTIMIZATION_LEVEL = "-O";
				VALIDATE_PRODUCT = YES;
			};
			name = Release;
		};
		982FF0E824F39C7D00EC5BFE /* Debug */ = {
			isa = XCBuildConfiguration;
			buildSettings = {
				ASSETCATALOG_COMPILER_APPICON_NAME = AppIcon;
				CODE_SIGN_STYLE = Automatic;
				INFOPLIST_FILE = "CLicker Better Better/Info.plist";
				LD_RUNPATH_SEARCH_PATHS = (
					"$(inherited)",
					"@executable_path/Frameworks",
				);
				PRODUCT_BUNDLE_IDENTIFIER = "com.ravinnagpal.CLicker-Better-Better";
				PRODUCT_NAME = "$(TARGET_NAME)";
				SWIFT_VERSION = 5.0;
				TARGETED_DEVICE_FAMILY = "1,2";
			};
			name = Debug;
		};
		982FF0E924F39C7D00EC5BFE /* Release */ = {
			isa = XCBuildConfiguration;
			buildSettings = {
				ASSETCATALOG_COMPILER_APPICON_NAME = AppIcon;
				CODE_SIGN_STYLE = Automatic;
				INFOPLIST_FILE = "CLicker Better Better/Info.plist";
				LD_RUNPATH_SEARCH_PATHS = (
					"$(inherited)",
					"@executable_path/Frameworks",
				);
				PRODUCT_BUNDLE_IDENTIFIER = "com.ravinnagpal.CLicker-Better-Better";
				PRODUCT_NAME = "$(TARGET_NAME)";
				SWIFT_VERSION = 5.0;
				TARGETED_DEVICE_FAMILY = "1,2";
			};
			name = Release;
		};
/* End XCBuildConfiguration section */

/* Begin XCConfigurationList section */
		982FF0CE24F39C7D00EC5BFE /* Build configuration list for PBXProject "CLicker Better Better" */ = {
			isa = XCConfigurationList;
			buildConfigurations = (
				982FF0E524F39C7D00EC5BFE /* Debug */,
				982FF0E624F39C7D00EC5BFE /* Release */,
			);
			defaultConfigurationIsVisible = 0;
			defaultConfigurationName = Release;
		};
		982FF0E724F39C7D00EC5BFE /* Build configuration list for PBXNativeTarget "CLicker Better Better" */ = {
			isa = XCConfigurationList;
			buildConfigurations = (
				982FF0E824F39C7D00EC5BFE /* Debug */,
				982FF0E924F39C7D00EC5BFE /* Release */,
			);
			defaultConfigurationIsVisible = 0;
			defaultConfigurationName = Release;
		};
/* End XCConfigurationList section */
	};
	rootObject = 982FF0CB24F39C7D00EC5BFE /* Project object */;
}
